PODS:
  - ACDExtension (0.0.1)
  - FBSnapshotTestCase (2.1.4):
    - FBSnapshotTestCase/SwiftSupport (= 2.1.4)
  - FBSnapshotTestCase/Core (2.1.4)
  - FBSnapshotTestCase/SwiftSupport (2.1.4):
    - FBSnapshotTestCase/Core

DEPENDENCIES:
  - ACDExtension (from `../`)
  - FBSnapshotTestCase (~> 2.1.4)

SPEC REPOS:
  https://github.com/CocoaPods/Specs.git:
    - FBSnapshotTestCase

EXTERNAL SOURCES:
  ACDExtension:
    :path: "../"

SPEC CHECKSUMS:
  ACDExtension: 76ccb667fa2efa82d4ebfbc8f4e5bb5a9d9832b3
  FBSnapshotTestCase: 094f9f314decbabe373b87cc339bea235a63e07a

PODFILE CHECKSUM: 22b4745d0c572f027979265c4df682cd0124d5aa

COCOAPODS: 1.9.1
